// !$*UTF8*$!
{
	archiveVersion = 1;
	classes = {
	};
	objectVersion = 56;
	objects = {

/* Begin PBXBuildFile section */
		5149361C2AD01ED5006A7E69 /* AppDelegate.swift in Sources */ = {isa = PBXBuildFile; fileRef = 5149361B2AD01ED5006A7E69 /* AppDelegate.swift */; };
		5149361E2AD01ED5006A7E69 /* SceneDelegate.swift in Sources */ = {isa = PBXBuildFile; fileRef = 5149361D2AD01ED5006A7E69 /* SceneDelegate.swift */; };
		514936202AD01ED5006A7E69 /* LoginViewController.swift in Sources */ = {isa = PBXBuildFile; fileRef = 5149361F2AD01ED5006A7E69 /* LoginViewController.swift */; };
		514936232AD01ED5006A7E69 /* Main.storyboard in Resources */ = {isa = PBXBuildFile; fileRef = 514936212AD01ED5006A7E69 /* Main.storyboard */; };
		514936252AD01ED6006A7E69 /* Assets.xcassets in Resources */ = {isa = PBXBuildFile; fileRef = 514936242AD01ED6006A7E69 /* Assets.xcassets */; };
		514936282AD01ED6006A7E69 /* LaunchScreen.storyboard in Resources */ = {isa = PBXBuildFile; fileRef = 514936262AD01ED6006A7E69 /* LaunchScreen.storyboard */; };
		514936302AD0211F006A7E69 /* WelcomeViewController.swift in Sources */ = {isa = PBXBuildFile; fileRef = 5149362F2AD0211F006A7E69 /* WelcomeViewController.swift */; };
		51EEEF3C2AD6DA1800D0751D /* Model.swift in Sources */ = {isa = PBXBuildFile; fileRef = 51EEEF3B2AD6DA1800D0751D /* Model.swift */; };
		51EEEF3E2AD6DE9D00D0751D /* ResumeViewController.swift in Sources */ = {isa = PBXBuildFile; fileRef = 51EEEF3D2AD6DE9D00D0751D /* ResumeViewController.swift */; };
		51EEEF402AD6DEA800D0751D /* BioViewController.swift in Sources */ = {isa = PBXBuildFile; fileRef = 51EEEF3F2AD6DEA800D0751D /* BioViewController.swift */; };
/* End PBXBuildFile section */

/* Begin PBXFileReference section */
		514936182AD01ED5006A7E69 /* Authorization.app */ = {isa = PBXFileReference; explicitFileType = wrapper.application; includeInIndex = 0; path = Authorization.app; sourceTree = BUILT_PRODUCTS_DIR; };
		5149361B2AD01ED5006A7E69 /* AppDelegate.swift */ = {isa = PBXFileReference; lastKnownFileType = sourcecode.swift; path = AppDelegate.swift; sourceTree = "<group>"; };
		5149361D2AD01ED5006A7E69 /* SceneDelegate.swift */ = {isa = PBXFileReference; lastKnownFileType = sourcecode.swift; path = SceneDelegate.swift; sourceTree = "<group>"; };
		5149361F2AD01ED5006A7E69 /* LoginViewController.swift */ = {isa = PBXFileReference; lastKnownFileType = sourcecode.swift; path = LoginViewController.swift; sourceTree = "<group>"; };
		514936222AD01ED5006A7E69 /* Base */ = {isa = PBXFileReference; lastKnownFileType = file.storyboard; name = Base; path = Base.lproj/Main.storyboard; sourceTree = "<group>"; };
		514936242AD01ED6006A7E69 /* Assets.xcassets */ = {isa = PBXFileReference; lastKnownFileType = folder.assetcatalog; path = Assets.xcassets; sourceTree = "<group>"; };
		514936272AD01ED6006A7E69 /* Base */ = {isa = PBXFileReference; lastKnownFileType = file.storyboard; name = Base; path = Base.lproj/LaunchScreen.storyboard; sourceTree = "<group>"; };
		514936292AD01ED6006A7E69 /* Info.plist */ = {isa = PBXFileReference; lastKnownFileType = text.plist.xml; path = Info.plist; sourceTree = "<group>"; };
		5149362F2AD0211F006A7E69 /* WelcomeViewController.swift */ = {isa = PBXFileReference; lastKnownFileType = sourcecode.swift; path = WelcomeViewController.swift; sourceTree = "<group>"; };
		51EEEF3B2AD6DA1800D0751D /* Model.swift */ = {isa = PBXFileReference; lastKnownFileType = sourcecode.swift; path = Model.swift; sourceTree = "<group>"; };
		51EEEF3D2AD6DE9D00D0751D /* ResumeViewController.swift */ = {isa = PBXFileReference; lastKnownFileType = sourcecode.swift; path = ResumeViewController.swift; sourceTree = "<group>"; };
		51EEEF3F2AD6DEA800D0751D /* BioViewController.swift */ = {isa = PBXFileReference; lastKnownFileType = sourcecode.swift; path = BioViewController.swift; sourceTree = "<group>"; };
/* End PBXFileReference section */

/* Begin PBXFrameworksBuildPhase section */
		514936152AD01ED5006A7E69 /* Frameworks */ = {
			isa = PBXFrameworksBuildPhase;
			buildActionMask = 2147483647;
			files = (
			);
			runOnlyForDeploymentPostprocessing = 0;
		};
/* End PBXFrameworksBuildPhase section */

/* Begin PBXGroup section */
		5149360F2AD01ED5006A7E69 = {
			isa = PBXGroup;
			children = (
				5149361A2AD01ED5006A7E69 /* Authorization */,
				514936192AD01ED5006A7E69 /* Products */,
			);
			sourceTree = "<group>";
		};
		514936192AD01ED5006A7E69 /* Products */ = {
			isa = PBXGroup;
			children = (
				514936182AD01ED5006A7E69 /* Authorization.app */,
			);
			name = Products;
			sourceTree = "<group>";
		};
		5149361A2AD01ED5006A7E69 /* Authorization */ = {
			isa = PBXGroup;
			children = (
				5167960A2ADC57DC00E8612B /* Resources */,
				516796082ADC576700E8612B /* SupportingFiles */,
				516796092ADC578E00E8612B /* Models */,
				516796072ADC573200E8612B /* Storyboards */,
				516796062ADC570700E8612B /* ViewControllers */,
			);
			path = Authorization;
			sourceTree = "<group>";
		};
		516796062ADC570700E8612B /* ViewControllers */ = {
			isa = PBXGroup;
			children = (
				5149361F2AD01ED5006A7E69 /* LoginViewController.swift */,
				51EEEF3F2AD6DEA800D0751D /* BioViewController.swift */,
				5149362F2AD0211F006A7E69 /* WelcomeViewController.swift */,
				51EEEF3D2AD6DE9D00D0751D /* ResumeViewController.swift */,
			);
			path = ViewControllers;
			sourceTree = "<group>";
		};
		516796072ADC573200E8612B /* Storyboards */ = {
			isa = PBXGroup;
			children = (
				514936212AD01ED5006A7E69 /* Main.storyboard */,
				514936262AD01ED6006A7E69 /* LaunchScreen.storyboard */,
			);
			path = Storyboards;
			sourceTree = "<group>";
		};
		516796082ADC576700E8612B /* SupportingFiles */ = {
			isa = PBXGroup;
			children = (
				5149361B2AD01ED5006A7E69 /* AppDelegate.swift */,
				5149361D2AD01ED5006A7E69 /* SceneDelegate.swift */,
				514936292AD01ED6006A7E69 /* Info.plist */,
			);
			path = SupportingFiles;
			sourceTree = "<group>";
		};
		516796092ADC578E00E8612B /* Models */ = {
			isa = PBXGroup;
			children = (
				51EEEF3B2AD6DA1800D0751D /* Model.swift */,
			);
			path = Models;
			sourceTree = "<group>";
		};
		5167960A2ADC57DC00E8612B /* Resources */ = {
			isa = PBXGroup;
			children = (
				514936242AD01ED6006A7E69 /* Assets.xcassets */,
			);
			path = Resources;
			sourceTree = "<group>";
		};
/* End PBXGroup section */

/* Begin PBXNativeTarget section */
		514936172AD01ED5006A7E69 /* Authorization */ = {
			isa = PBXNativeTarget;
			buildConfigurationList = 5149362C2AD01ED6006A7E69 /* Build configuration list for PBXNativeTarget "Authorization" */;
			buildPhases = (
				514936142AD01ED5006A7E69 /* Sources */,
				514936152AD01ED5006A7E69 /* Frameworks */,
				514936162AD01ED5006A7E69 /* Resources */,
			);
			buildRules = (
			);
			dependencies = (
			);
			name = Authorization;
			productName = Authorization;
			productReference = 514936182AD01ED5006A7E69 /* Authorization.app */;
			productType = "com.apple.product-type.application";
		};
/* End PBXNativeTarget section */

/* Begin PBXProject section */
		514936102AD01ED5006A7E69 /* Project object */ = {
			isa = PBXProject;
			attributes = {
				BuildIndependentTargetsInParallel = 1;
				LastSwiftUpdateCheck = 1500;
				LastUpgradeCheck = 1500;
				TargetAttributes = {
					514936172AD01ED5006A7E69 = {
						CreatedOnToolsVersion = 15.0;
					};
				};
			};
			buildConfigurationList = 514936132AD01ED5006A7E69 /* Build configuration list for PBXProject "Authorization" */;
			compatibilityVersion = "Xcode 14.0";
			developmentRegion = en;
			hasScannedForEncodings = 0;
			knownRegions = (
				en,
				Base,
			);
			mainGroup = 5149360F2AD01ED5006A7E69;
			productRefGroup = 514936192AD01ED5006A7E69 /* Products */;
			projectDirPath = "";
			projectRoot = "";
			targets = (
				514936172AD01ED5006A7E69 /* Authorization */,
			);
		};
/* End PBXProject section */

/* Begin PBXResourcesBuildPhase section */
		514936162AD01ED5006A7E69 /* Resources */ = {
			isa = PBXResourcesBuildPhase;
			buildActionMask = 2147483647;
			files = (
				514936282AD01ED6006A7E69 /* LaunchScreen.storyboard in Resources */,
				514936252AD01ED6006A7E69 /* Assets.xcassets in Resources */,
				514936232AD01ED5006A7E69 /* Main.storyboard in Resources */,
			);
			runOnlyForDeploymentPostprocessing = 0;
		};
/* End PBXResourcesBuildPhase section */

/* Begin PBXSourcesBuildPhase section */
		514936142AD01ED5006A7E69 /* Sources */ = {
			isa = PBXSourcesBuildPhase;
			buildActionMask = 2147483647;
			files = (
				51EEEF402AD6DEA800D0751D /* BioViewController.swift in Sources */,
				51EEEF3C2AD6DA1800D0751D /* Model.swift in Sources */,
				514936202AD01ED5006A7E69 /* LoginViewController.swift in Sources */,
				514936302AD0211F006A7E69 /* WelcomeViewController.swift in Sources */,
				51EEEF3E2AD6DE9D00D0751D /* ResumeViewController.swift in Sources */,
				5149361C2AD01ED5006A7E69 /* AppDelegate.swift in Sources */,
				5149361E2AD01ED5006A7E69 /* SceneDelegate.swift in Sources */,
			);
			runOnlyForDeploymentPostprocessing = 0;
		};
/* End PBXSourcesBuildPhase section */

/* Begin PBXVariantGroup section */
		514936212AD01ED5006A7E69 /* Main.storyboard */ = {
			isa = PBXVariantGroup;
			children = (
				514936222AD01ED5006A7E69 /* Base */,
			);
			name = Main.storyboard;
			sourceTree = "<group>";
		};
		514936262AD01ED6006A7E69 /* LaunchScreen.storyboard */ = {
			isa = PBXVariantGroup;
			children = (
				514936272AD01ED6006A7E69 /* Base */,
			);
			name = LaunchScreen.storyboard;
			sourceTree = "<group>";
		};
/* End PBXVariantGroup section */

/* Begin XCBuildConfiguration section */
		5149362A2AD01ED6006A7E69 /* Debug */ = {
			isa = XCBuildConfiguration;
			buildSettings = {
				ALWAYS_SEARCH_USER_PATHS = NO;
				ASSETCATALOG_COMPILER_GENERATE_SWIFT_ASSET_SYMBOL_EXTENSIONS = YES;
				CLANG_ANALYZER_NONNULL = YES;
				CLANG_ANALYZER_NUMBER_OBJECT_CONVERSION = YES_AGGRESSIVE;
				CLANG_CXX_LANGUAGE_STANDARD = "gnu++20";
				CLANG_ENABLE_MODULES = YES;
				CLANG_ENABLE_OBJC_ARC = YES;
				CLANG_ENABLE_OBJC_WEAK = YES;
				CLANG_WARN_BLOCK_CAPTURE_AUTORELEASING = YES;
				CLANG_WARN_BOOL_CONVERSION = YES;
				CLANG_WARN_COMMA = YES;
				CLANG_WARN_CONSTANT_CONVERSION = YES;
				CLANG_WARN_DEPRECATED_OBJC_IMPLEMENTATIONS = YES;
				CLANG_WARN_DIRECT_OBJC_ISA_USAGE = YES_ERROR;
				CLANG_WARN_DOCUMENTATION_COMMENTS = YES;
				CLANG_WARN_EMPTY_BODY = YES;
				CLANG_WARN_ENUM_CONVERSION = YES;
				CLANG_WARN_INFINITE_RECURSION = YES;
				CLANG_WARN_INT_CONVERSION = YES;
				CLANG_WARN_NON_LITERAL_NULL_CONVERSION = YES;
				CLANG_WARN_OBJC_IMPLICIT_RETAIN_SELF = YES;
				CLANG_WARN_OBJC_LITERAL_CONVERSION = YES;
				CLANG_WARN_OBJC_ROOT_CLASS = YES_ERROR;
				CLANG_WARN_QUOTED_INCLUDE_IN_FRAMEWORK_HEADER = YES;
				CLANG_WARN_RANGE_LOOP_ANALYSIS = YES;
				CLANG_WARN_STRICT_PROTOTYPES = YES;
				CLANG_WARN_SUSPICIOUS_MOVE = YES;
				CLANG_WARN_UNGUARDED_AVAILABILITY = YES_AGGRESSIVE;
				CLANG_WARN_UNREACHABLE_CODE = YES;
				CLANG_WARN__DUPLICATE_METHOD_MATCH = YES;
				COPY_PHASE_STRIP = NO;
				DEBUG_INFORMATION_FORMAT = dwarf;
				ENABLE_STRICT_OBJC_MSGSEND = YES;
				ENABLE_TESTABILITY = YES;
				ENABLE_USER_SCRIPT_SANDBOXING = YES;
				GCC_C_LANGUAGE_STANDARD = gnu17;
				GCC_DYNAMIC_NO_PIC = NO;
				GCC_NO_COMMON_BLOCKS = YES;
				GCC_OPTIMIZATION_LEVEL = 0;
				GCC_PREPROCESSOR_DEFINITIONS = (
					"DEBUG=1",
					"$(inherited)",
				);
				GCC_WARN_64_TO_32_BIT_CONVERSION = YES;
				GCC_WARN_ABOUT_RETURN_TYPE = YES_ERROR;
				GCC_WARN_UNDECLARED_SELECTOR = YES;
				GCC_WARN_UNINITIALIZED_AUTOS = YES_AGGRESSIVE;
				GCC_WARN_UNUSED_FUNCTION = YES;
				GCC_WARN_UNUSED_VARIABLE = YES;
				IPHONEOS_DEPLOYMENT_TARGET = 17.0;
				LOCALIZATION_PREFERS_STRING_CATALOGS = YES;
				MTL_ENABLE_DEBUG_INFO = INCLUDE_SOURCE;
				MTL_FAST_MATH = YES;
				ONLY_ACTIVE_ARCH = YES;
				SDKROOT = iphoneos;
				SWIFT_ACTIVE_COMPILATION_CONDITIONS = "DEBUG $(inherited)";
				SWIFT_OPTIMIZATION_LEVEL = "-Onone";
			};
			name = Debug;
		};
		5149362B2AD01ED6006A7E69 /* Release */ = {
			isa = XCBuildConfiguration;
			buildSettings = {
				ALWAYS_SEARCH_USER_PATHS = NO;
				ASSETCATALOG_COMPILER_GENERATE_SWIFT_ASSET_SYMBOL_EXTENSIONS = YES;
				CLANG_ANALYZER_NONNULL = YES;
				CLANG_ANALYZER_NUMBER_OBJECT_CONVERSION = YES_AGGRESSIVE;
				CLANG_CXX_LANGUAGE_STANDARD = "gnu++20";
				CLANG_ENABLE_MODULES = YES;
				CLANG_ENABLE_OBJC_ARC = YES;
				CLANG_ENABLE_OBJC_WEAK = YES;
				CLANG_WARN_BLOCK_CAPTURE_AUTORELEASING = YES;
				CLANG_WARN_BOOL_CONVERSION = YES;
				CLANG_WARN_COMMA = YES;
				CLANG_WARN_CONSTANT_CONVERSION = YES;
				CLANG_WARN_DEPRECATED_OBJC_IMPLEMENTATIONS = YES;
				CLANG_WARN_DIRECT_OBJC_ISA_USAGE = YES_ERROR;
				CLANG_WARN_DOCUMENTATION_COMMENTS = YES;
				CLANG_WARN_EMPTY_BODY = YES;
				CLANG_WARN_ENUM_CONVERSION = YES;
				CLANG_WARN_INFINITE_RECURSION = YES;
				CLANG_WARN_INT_CONVERSION = YES;
				CLANG_WARN_NON_LITERAL_NULL_CONVERSION = YES;
				CLANG_WARN_OBJC_IMPLICIT_RETAIN_SELF = YES;
				CLANG_WARN_OBJC_LITERAL_CONVERSION = YES;
				CLANG_WARN_OBJC_ROOT_CLASS = YES_ERROR;
				CLANG_WARN_QUOTED_INCLUDE_IN_FRAMEWORK_HEADER = YES;
				CLANG_WARN_RANGE_LOOP_ANALYSIS = YES;
				CLANG_WARN_STRICT_PROTOTYPES = YES;
				CLANG_WARN_SUSPICIOUS_MOVE = YES;
				CLANG_WARN_UNGUARDED_AVAILABILITY = YES_AGGRESSIVE;
				CLANG_WARN_UNREACHABLE_CODE = YES;
				CLANG_WARN__DUPLICATE_METHOD_MATCH = YES;
				COPY_PHASE_STRIP = NO;
				DEBUG_INFORMATION_FORMAT = "dwarf-with-dsym";
				ENABLE_NS_ASSERTIONS = NO;
				ENABLE_STRICT_OBJC_MSGSEND = YES;
				ENABLE_USER_SCRIPT_SANDBOXING = YES;
				GCC_C_LANGUAGE_STANDARD = gnu17;
				GCC_NO_COMMON_BLOCKS = YES;
				GCC_WARN_64_TO_32_BIT_CONVERSION = YES;
				GCC_WARN_ABOUT_RETURN_TYPE = YES_ERROR;
				GCC_WARN_UNDECLARED_SELECTOR = YES;
				GCC_WARN_UNINITIALIZED_AUTOS = YES_AGGRESSIVE;
				GCC_WARN_UNUSED_FUNCTION = YES;
				GCC_WARN_UNUSED_VARIABLE = YES;
				IPHONEOS_DEPLOYMENT_TARGET = 17.0;
				LOCALIZATION_PREFERS_STRING_CATALOGS = YES;
				MTL_ENABLE_DEBUG_INFO = NO;
				MTL_FAST_MATH = YES;
				SDKROOT = iphoneos;
				SWIFT_COMPILATION_MODE = wholemodule;
				VALIDATE_PRODUCT = YES;
			};
			name = Release;
		};
		5149362D2AD01ED6006A7E69 /* Debug */ = {
			isa = XCBuildConfiguration;
			buildSettings = {
				ASSETCATALOG_COMPILER_APPICON_NAME = AppIcon;
				ASSETCATALOG_COMPILER_GLOBAL_ACCENT_COLOR_NAME = AccentColor;
				CODE_SIGN_STYLE = Automatic;
				CURRENT_PROJECT_VERSION = 1;
				DEVELOPMENT_TEAM = JB5FMNJGAE;
				GENERATE_INFOPLIST_FILE = YES;
				INFOPLIST_FILE = Authorization/SupportingFiles/Info.plist;
				INFOPLIST_KEY_UIApplicationSupportsIndirectInputEvents = YES;
				INFOPLIST_KEY_UILaunchStoryboardName = LaunchScreen;
				INFOPLIST_KEY_UIMainStoryboardFile = Main;
				INFOPLIST_KEY_UISupportedInterfaceOrientations = UIInterfaceOrientationPortrait;
				INFOPLIST_KEY_UISupportedInterfaceOrientations_iPad = "UIInterfaceOrientationLandscapeLeft UIInterfaceOrientationLandscapeRight UIInterfaceOrientationPortrait UIInterfaceOrientationPortraitUpsideDown";
				IPHONEOS_DEPLOYMENT_TARGET = 15.0;
				LD_RUNPATH_SEARCH_PATHS = (
					"$(inherited)",
					"@executable_path/Frameworks",
				);
				MARKETING_VERSION = 1.0;
				PRODUCT_BUNDLE_IDENTIFIER = NickolaiGrachev.Authorization;
				PRODUCT_NAME = "$(TARGET_NAME)";
				SUPPORTED_PLATFORMS = "iphoneos iphonesimulator";
				SUPPORTS_MACCATALYST = NO;
				SUPPORTS_MAC_DESIGNED_FOR_IPHONE_IPAD = NO;
				SWIFT_EMIT_LOC_STRINGS = YES;
				SWIFT_VERSION = 5.0;
				TARGETED_DEVICE_FAMILY = 1;
			};
			name = Debug;
		};
		5149362E2AD01ED6006A7E69 /* Release */ = {
			isa = XCBuildConfiguration;
			buildSettings = {
				ASSETCATALOG_COMPILER_APPICON_NAME = AppIcon;
				ASSETCATALOG_COMPILER_GLOBAL_ACCENT_COLOR_NAME = AccentColor;
				CODE_SIGN_STYLE = Automatic;
				CURRENT_PROJECT_VERSION = 1;
				DEVELOPMENT_TEAM = JB5FMNJGAE;
				GENERATE_INFOPLIST_FILE = YES;
				INFOPLIST_FILE = Authorization/SupportingFiles/Info.plist;
				INFOPLIST_KEY_UIApplicationSupportsIndirectInputEvents = YES;
				INFOPLIST_KEY_UILaunchStoryboardName = LaunchScreen;
				INFOPLIST_KEY_UIMainStoryboardFile = Main;
				INFOPLIST_KEY_UISupportedInterfaceOrientations = UIInterfaceOrientationPortrait;
				INFOPLIST_KEY_UISupportedInterfaceOrientations_iPad = "UIInterfaceOrientationLandscapeLeft UIInterfaceOrientationLandscapeRight UIInterfaceOrientationPortrait UIInterfaceOrientationPortraitUpsideDown";
				IPHONEOS_DEPLOYMENT_TARGET = 15.0;
				LD_RUNPATH_SEARCH_PATHS = (
					"$(inherited)",
					"@executable_path/Frameworks",
				);
				MARKETING_VERSION = 1.0;
				PRODUCT_BUNDLE_IDENTIFIER = NickolaiGrachev.Authorization;
				PRODUCT_NAME = "$(TARGET_NAME)";
				SUPPORTED_PLATFORMS = "iphoneos iphonesimulator";
				SUPPORTS_MACCATALYST = NO;
				SUPPORTS_MAC_DESIGNED_FOR_IPHONE_IPAD = NO;
				SWIFT_EMIT_LOC_STRINGS = YES;
				SWIFT_VERSION = 5.0;
				TARGETED_DEVICE_FAMILY = 1;
			};
			name = Release;
		};
/* End XCBuildConfiguration section */

/* Begin XCConfigurationList section */
		514936132AD01ED5006A7E69 /* Build configuration list for PBXProject "Authorization" */ = {
			isa = XCConfigurationList;
			buildConfigurations = (
				5149362A2AD01ED6006A7E69 /* Debug */,
				5149362B2AD01ED6006A7E69 /* Release */,
			);
			defaultConfigurationIsVisible = 0;
			defaultConfigurationName = Release;
		};
		5149362C2AD01ED6006A7E69 /* Build configuration list for PBXNativeTarget "Authorization" */ = {
			isa = XCConfigurationList;
			buildConfigurations = (
				5149362D2AD01ED6006A7E69 /* Debug */,
				5149362E2AD01ED6006A7E69 /* Release */,
			);
			defaultConfigurationIsVisible = 0;
			defaultConfigurationName = Release;
		};
/* End XCConfigurationList section */
	};
	rootObject = 514936102AD01ED5006A7E69 /* Project object */;
}
